
Microsoft Visual Studio Solution File, Format Version 12.00
Project("{2150E333-8FDC-42A3-9474-1A3956D46DE8}") = "src", "src", "{B04C033A-C035-4825-A579-2F0477DA3C6D}"
EndProject
Project("{FAE04EC0-301F-11D3-BF4B-00C04F79EFBC}") = "LetsMeet.Api", "LetsMeet.Api\LetsMeet.Api.csproj", "{DACAE8DA-1E75-4733-B9C4-AB7EAADAE455}"
EndProject
Project("{FAE04EC0-301F-11D3-BF4B-00C04F79EFBC}") = "LetsMeet.Application", "LetsMeet.Application\LetsMeet.Application.csproj", "{C83DBA01-BBE3-49CC-A587-935F33002BDF}"
EndProject
Project("{FAE04EC0-301F-11D3-BF4B-00C04F79EFBC}") = "LetsMeet.Core", "LetsMeet.Core\LetsMeet.Core.csproj", "{BCACBE24-AB28-4A9B-ACC4-F5A5E73B5729}"
EndProject
Project("{FAE04EC0-301F-11D3-BF4B-00C04F79EFBC}") = "LetsMeet.Infrastructure", "LetsMeet.Infrastructure\LetsMeet.Infrastructure.csproj", "{B8BD0C2E-C8BD-4494-81C1-AEF7B5031E8F}"
EndProject
Global
	GlobalSection(SolutionConfigurationPlatforms) = preSolution
		Debug|Any CPU = Debug|Any CPU
		Release|Any CPU = Release|Any CPU
	EndGlobalSection
	GlobalSection(ProjectConfigurationPlatforms) = postSolution
		{DACAE8DA-1E75-4733-B9C4-AB7EAADAE455}.Debug|Any CPU.ActiveCfg = Debug|Any CPU
		{DACAE8DA-1E75-4733-B9C4-AB7EAADAE455}.Debug|Any CPU.Build.0 = Debug|Any CPU
		{DACAE8DA-1E75-4733-B9C4-AB7EAADAE455}.Release|Any CPU.ActiveCfg = Release|Any CPU
		{DACAE8DA-1E75-4733-B9C4-AB7EAADAE455}.Release|Any CPU.Build.0 = Release|Any CPU
		{C83DBA01-BBE3-49CC-A587-935F33002BDF}.Debug|Any CPU.ActiveCfg = Debug|Any CPU
		{C83DBA01-BBE3-49CC-A587-935F33002BDF}.Debug|Any CPU.Build.0 = Debug|Any CPU
		{C83DBA01-BBE3-49CC-A587-935F33002BDF}.Release|Any CPU.ActiveCfg = Release|Any CPU
		{C83DBA01-BBE3-49CC-A587-935F33002BDF}.Release|Any CPU.Build.0 = Release|Any CPU
		{BCACBE24-AB28-4A9B-ACC4-F5A5E73B5729}.Debug|Any CPU.ActiveCfg = Debug|Any CPU
		{BCACBE24-AB28-4A9B-ACC4-F5A5E73B5729}.Debug|Any CPU.Build.0 = Debug|Any CPU
		{BCACBE24-AB28-4A9B-ACC4-F5A5E73B5729}.Release|Any CPU.ActiveCfg = Release|Any CPU
		{BCACBE24-AB28-4A9B-ACC4-F5A5E73B5729}.Release|Any CPU.Build.0 = Release|Any CPU
		{B8BD0C2E-C8BD-4494-81C1-AEF7B5031E8F}.Debug|Any CPU.ActiveCfg = Debug|Any CPU
		{B8BD0C2E-C8BD-4494-81C1-AEF7B5031E8F}.Debug|Any CPU.Build.0 = Debug|Any CPU
		{B8BD0C2E-C8BD-4494-81C1-AEF7B5031E8F}.Release|Any CPU.ActiveCfg = Release|Any CPU
		{B8BD0C2E-C8BD-4494-81C1-AEF7B5031E8F}.Release|Any CPU.Build.0 = Release|Any CPU
	EndGlobalSection
	GlobalSection(NestedProjects) = preSolution
		{DACAE8DA-1E75-4733-B9C4-AB7EAADAE455} = {B04C033A-C035-4825-A579-2F0477DA3C6D}
		{C83DBA01-BBE3-49CC-A587-935F33002BDF} = {B04C033A-C035-4825-A579-2F0477DA3C6D}
		{BCACBE24-AB28-4A9B-ACC4-F5A5E73B5729} = {B04C033A-C035-4825-A579-2F0477DA3C6D}
		{B8BD0C2E-C8BD-4494-81C1-AEF7B5031E8F} = {B04C033A-C035-4825-A579-2F0477DA3C6D}
	EndGlobalSection
EndGlobal
